
Microsoft Visual Studio Solution File, Format Version 12.00
# Visual Studio Version 17
VisualStudioVersion = 17.7.34031.279
MinimumVisualStudioVersion = 10.0.40219.1
Project("{FAE04EC0-301F-11D3-BF4B-00C04F79EFBC}") = "CSharp1_BaiTap1", "CSharp1_BaiTap1.csproj", "{426BD460-D9AE-4581-A7F4-E5BBABCEE2E5}"
EndProject
Global
	GlobalSection(SolutionConfigurationPlatforms) = preSolution
		Debug|Any CPU = Debug|Any CPU
		Release|Any CPU = Release|Any CPU
	EndGlobalSection
	GlobalSection(ProjectConfigurationPlatforms) = postSolution
		{426BD460-D9AE-4581-A7F4-E5BBABCEE2E5}.Debug|Any CPU.ActiveCfg = Debug|Any CPU
		{426BD460-D9AE-4581-A7F4-E5BBABCEE2E5}.Debug|Any CPU.Build.0 = Debug|Any CPU
		{426BD460-D9AE-4581-A7F4-E5BBABCEE2E5}.Release|Any CPU.ActiveCfg = Release|Any CPU
		{426BD460-D9AE-4581-A7F4-E5BBABCEE2E5}.Release|Any CPU.Build.0 = Release|Any CPU
	EndGlobalSection
	GlobalSection(SolutionProperties) = preSolution
		HideSolutionNode = FALSE
	EndGlobalSection
	GlobalSection(ExtensibilityGlobals) = postSolution
		SolutionGuid = {7077E88D-2BD2-47CA-95DC-AB5192FF4359}
	EndGlobalSection
EndGlobal
